go-spring.org/spring v1.3.4/go.mod h1:LDFrmpOUK7h6Ew54Tv7mY3/8PPRTjRiLsVF9figCkE8=
go-spring.org/stdlib v0.1.7/go.mod h1:jDIah6YCXdE0QcKsR2GK6sCSYm2ybSa5dX08KF/OGoc=
k8s.io/api v0.34.3 h1:D12sTP257/jSH2vHV2EDYrb16bS7ULlHpdNdNhEw2S4=
k8s.io/api v0.34.3/go.mod h1:PyVQBF886Q5RSQZOim7DybQjAbVs8g7gwJNhGtY5MBk=
k8s.io/apimachinery v0.34.3 h1:/TB+SFEiQvN9HPldtlWOTp0hWbJ+fjU+wkxysf/aQnE=
k8s.io/apimachinery v0.34.3/go.mod h1:/GwIlEcWuTX9zKIg2mbw0LRFIsXwrfoVxn+ef0X13lw=
k8s.io/client-go v0.34.3 h1:wtYtpzy/OPNYf7WyNBTj3iUA0XaBHVqhv4Iv3tbrF5A=
k8s.io/client-go v0.34.3/go.mod h1:OxxeYagaP9Kdf78UrKLa3YZixMCfP6bgPwPwNBQBzpM=
