github.com/expr-lang/expr v1.17.6 h1:1h6i8ONk9cexhDmowO/A64VPxHScu7qfSl2k8OlINec=
github.com/expr-lang/expr v1.17.6/go.mod h1:8/vRC7+7HBzESEqt5kKpYXxrxkr31SaO8r40VO/1IT4=
github.com/frankban/quicktest v1.14.6 h1:7Xjx+VpznH+oBnejlPUj8oUpdxnVs4f8XU8WnHkI4W8=
github.com/frankban/quicktest v1.14.6/go.mod h1:4ptaffx2x8+WTWXmUCuVU6aPUX1/Mz7zb5vbUoiM6w0=
github.com/go-spring/barky v1.0.3 h1:24U2IX47es7JfuAx7WkkOqBEV0bOy49/ZW4GCkVvD7Q=
github.com/go-spring/barky v1.0.3/go.mod h1:IlEMJj9d//EQs2oin0tuGKGACslZe73khbHcDPzF9KE=
github.com/go-spring/gs-assert v1.0.2 h1:9vDppl7ZwMvQE4c83ac7GzN0VxZC5BrQue7dND7NclQ=
github.com/go-spring/gs-assert v1.0.2/go.mod h1:FfibkqWz4HUBpbig1cKMlzW8Ha7RywTB93f1Q/NuF9I=
github.com/go-spring/gs-mock v0.0.5 h1:OGC+Lx1XgOoaKfmiN6mLasASQUtbhgVVoDZOhR4d+GA=
github.com/go-spring/gs-mock v0.0.5/go.mod h1:QK0PqZ+Vu9F+BU97zl8fip5XKibvDSoN+ofky413Z6Q=
github.com/go-spring/log v0.0.6 h1:R+0mKWCNzaEIZtqdfCc4e/Ha4FBhr01If5oJXjEwRO0=
github.com/go-spring/log v0.0.6/go.mod h1:WrLbwbjmU8Vk5ampzBXjG4rTv+BoxmmTXxX82L2hugg=
github.com/go-spring/spring-core v1.2.3 h1:YTByL6Y2xSNDH+hBTWt3r/lrKuwUCBorTVDcCl1+7FE=
github.com/go-spring/spring-core v1.2.3/go.mod h1:pf56w81zSGup2JSLLr1WXhZDYczdwvOP8ieaeeUu0dg=
github.com/google/go-cmp v0.5.9 h1:O2Tfq5qg4qc4AmwVlvv0oLiVAGB7enBSJ2x2DqQFi38=
github.com/google/go-cmp v0.5.9/go.mod h1:17dUlkBOakJ0+DkrSSNjCkIjxS6bF9zb3elmeNGIjoY=
github.com/kr/pretty v0.3.1 h1:flRD4NNwYAUpkphVc1HcthR4KEIFJ65n8Mw5qdRn3LE=
github.com/kr/pretty v0.3.1/go.mod h1:hoEshYVHaxMs3cyo3Yncou5ZscifuDolrwPKZanG3xk=
github.com/kr/text v0.2.0 h1:5Nx0Ya0ZqY2ygV366QzturHI13Jq95ApcVaJBhpS+AY=
github.com/kr/text v0.2.0/go.mod h1:eLer722TekiGuMkidMxC/pM04lWEeraHUUmBw8l2grE=
github.com/lvan100/go-loop v0.0.3 h1:s9nlQpPalVITSsMwlxTR+PlaC4CqODnL2qJJYGHwKsU=
github.com/lvan100/go-loop v0.0.3/go.mod h1:YDtb+ZmMigBqRJqSwD4S/3mGFyY2cF/LCezXEWfwvG4=
github.com/magiconair/properties v1.8.10 h1:s31yESBquKXCV9a/ScB3ESkOjUYYv+X0rg8SYxI99mE=
github.com/magiconair/properties v1.8.10/go.mod h1:Dhd985XPs7jluiymwWYZ0G4Z61jb3vdS329zhj2hYo0=
github.com/pelletier/go-toml v1.9.5 h1:4yBQzkHv+7BHq2PQUZF3Mx0IYxG7LsP222s7Agd3ve8=
github.com/pelletier/go-toml v1.9.5/go.mod h1:u1nR/EPcESfeI/szUZKdtJ0xRNbUoANCkoOuaOx1Y+c=
github.com/rogpeppe/go-internal v1.9.0 h1:73kH8U+JUqXU8lRuOHeVHaa/SZPifC7BkcraZVejAe8=
github.com/rogpeppe/go-internal v1.9.0/go.mod h1:WtVeX8xhTBvf0smdhujwtBcq4Qrzq/fJaraNFVN+nFs=
github.com/spf13/cast v1.10.0 h1:h2x0u2shc1QuLHfxi+cTJvs30+ZAHOGRic8uyGTDWxY=
github.com/spf13/cast v1.10.0/go.mod h1:jNfB8QC9IA6ZuY2ZjDp0KtFO2LZZlg4S/7bzP6qqeHo=
gopkg.in/check.v1 v0.0.0-20161208181325-20d25e280405 h1:yhCVgyC4o1eVCa2tZl7eS0r+SDo693bJlVdllGtEeKM=
gopkg.in/check.v1 v0.0.0-20161208181325-20d25e280405/go.mod h1:Co6ibVJAznAaIkqp8huTwlJQCZ016jof/cbN4VW5Yz0=
gopkg.in/yaml.v2 v2.4.0 h1:D8xgwECY7CYvx+Y2n4sBz93Jn9JRvxdiyyo8CTfuKaY=
gopkg.in/yaml.v2 v2.4.0/go.mod h1:RDklbk79AGWmwhnvt/jBztapEOGDOx6ZbXqjP6csGnQ=
