github.com/yuin/gopher-lua v1.1.1 h1:kYKnWBjvbNP4XLT3+bPEwAXJx262OhaHDWDVOPjL46M=
github.com/yuin/gopher-lua v1.1.1/go.mod h1:GBR0iDaNXjAgGg9zfCvksxSRnQx76gclCIb7kdAd1Pw=
go-spring.org/log v0.1.4/go.mod h1:8QgzdNTJlGiuj3cfOHGSq77KBHBQumUBH0a+ec/iYoM=
go-spring.org/spring v1.3.4/go.mod h1:LDFrmpOUK7h6Ew54Tv7mY3/8PPRTjRiLsVF9figCkE8=
go-spring.org/stdlib v0.1.7/go.mod h1:jDIah6YCXdE0QcKsR2GK6sCSYm2ybSa5dX08KF/OGoc=
