github.com/davecgh/go-spew v1.1.0/go.mod h1:J7Y8YcW2NihsgmVo/mv3lAwl/skON4iLHjSsI+c5H38=
github.com/davecgh/go-spew v1.1.1/go.mod h1:J7Y8YcW2NihsgmVo/mv3lAwl/skON4iLHjSsI+c5H38=
github.com/go-spring/spring-base v1.1.0-beta.0.20211022224302-dea9f41f5f6d h1:IcQjBUAyXH4rrpJvgiKqEQQB/76jR1vDF7/Pn8MFeqU=
github.com/go-spring/spring-base v1.1.0-beta.0.20211022224302-dea9f41f5f6d/go.mod h1:q6x78FrbScapdjoLQ+vwuaEn/AasYyKpkks4Qw7fBOg=
github.com/go-spring/spring-base v1.1.0-rc1 h1:/ym0A/C1kmNsFj3939zLuqn+ZT3COTLe4qGwBqV4y60=
github.com/go-spring/spring-base v1.1.0-rc1/go.mod h1:q6x78FrbScapdjoLQ+vwuaEn/AasYyKpkks4Qw7fBOg=
github.com/go-spring/spring-core v1.0.6-0.20211022224649-f0f6fffd8bc2 h1:+ZZmy+brXYFsOyrX+3NDHvWNwalufyrOmXXakLVNC4U=
github.com/go-spring/spring-core v1.0.6-0.20211022224649-f0f6fffd8bc2/go.mod h1:OQDUJapvg+9GKqnS+ESMgoAiyzy7v3YB9NvuECeijPI=
github.com/go-spring/spring-core v1.1.0-rc1 h1:1NxEflBu3wwLSOzg9YeVfh6TaeVoR54LaWJFw6Qulrw=
github.com/go-spring/spring-core v1.1.0-rc1/go.mod h1:M9thF3xJEGqsXPrrTyyae0cmpohaWcxKfCHOn0JAZL0=
github.com/go-spring/spring-redigo v0.0.0-20211022225829-74bcd0c96cb5 h1:oLD6bXGhXw9/D7s17zX2kUjUHjl52CmDLk+cuccpXFQ=
github.com/go-spring/spring-redigo v0.0.0-20211022225829-74bcd0c96cb5/go.mod h1:iG6RG0JbTdShJAo9eOPETN0Oz20aXymzSw+LLBaCRWQ=
github.com/go-spring/spring-redigo v1.1.0-rc1 h1:JOYRQqbGU4rXI7MXYKgapW8CYTSvd7mjlU75u2qgY6g=
github.com/go-spring/spring-redigo v1.1.0-rc1/go.mod h1:zb/PwQUuVNUGgNwc1hLurROnZ2nlqqPA0jlJXR+WmS0=
github.com/go-spring/starter-core v1.1.0-beta.0.20211022230035-68dc9bcad473 h1:EbMlkOKLcd78tOYCGv0QXUR2HadGtaK4vSxyQermhWc=
github.com/go-spring/starter-core v1.1.0-beta.0.20211022230035-68dc9bcad473/go.mod h1:f8r68vQJ/rQe7EtvRrhkElG5LlTuT7RcOmJs73IAL50=
github.com/go-spring/starter-core v1.1.0-rc1 h1:dyXCG2Vsn968xlkbvGjPXetJx+M3OdnvIIrc0z64rmU=
github.com/go-spring/starter-core v1.1.0-rc1/go.mod h1:f8r68vQJ/rQe7EtvRrhkElG5LlTuT7RcOmJs73IAL50=
github.com/gomodule/redigo v1.8.5 h1:nRAxCa+SVsyjSBrtZmG/cqb6VbTmuRzpg/PoTFlpumc=
github.com/gomodule/redigo v1.8.5/go.mod h1:P9dn9mFrCBvWhGE1wpxx6fgq7BAeLBk+UUUzlpkBYO0=
github.com/magiconair/properties v1.8.5 h1:b6kJs+EmPFMYGkow9GiUyCyOvIwYetYJ3fSaWak/Gls=
github.com/magiconair/properties v1.8.5/go.mod h1:y3VJvCyxH9uVvJTWEGAELF3aiYNyPKd5NZ3oSwXrF60=
github.com/pelletier/go-toml v1.9.4 h1:tjENF6MfZAg8e4ZmZTeWaWiT2vXtsoO6+iuOjFhECwM=
github.com/pelletier/go-toml v1.9.4/go.mod h1:u1nR/EPcESfeI/szUZKdtJ0xRNbUoANCkoOuaOx1Y+c=
github.com/pmezard/go-difflib v1.0.0/go.mod h1:iKH77koFhYxTK1pcRnkKkqfTogsbg7gZNVY4sRDYZ/4=
github.com/spf13/cast v1.4.1 h1:s0hze+J0196ZfEMTs80N7UlFt0BDuQ7Q+JDnHiMWKdA=
github.com/spf13/cast v1.4.1/go.mod h1:Qx5cxh0v+4UWYiBimWS+eyWzqEqokIECu5etghLkUJE=
github.com/stretchr/objx v0.1.0/go.mod h1:HFkY916IF+rwdDfMAkV7OtwuqBVzrE8GR6GFx+wExME=
github.com/stretchr/testify v1.2.2/go.mod h1:a8OnRcib4nhh0OaRAV+Yts87kKdq0PP7pXfy6kDkUVs=
github.com/stretchr/testify v1.5.1/go.mod h1:5W2xD1RspED5o8YsWQXVCued0rvSQ+mT+I5cxcmMvtA=
gopkg.in/check.v1 v0.0.0-20161208181325-20d25e280405/go.mod h1:Co6ibVJAznAaIkqp8huTwlJQCZ016jof/cbN4VW5Yz0=
gopkg.in/yaml.v2 v2.2.2/go.mod h1:hI93XBmqTisBFMUTm0b8Fm+jr3Dg1NNxqwp+5A1VGuI=
gopkg.in/yaml.v2 v2.4.0 h1:D8xgwECY7CYvx+Y2n4sBz93Jn9JRvxdiyyo8CTfuKaY=
gopkg.in/yaml.v2 v2.4.0/go.mod h1:RDklbk79AGWmwhnvt/jBztapEOGDOx6ZbXqjP6csGnQ=
