github.com/davecgh/go-spew v1.1.0/go.mod h1:J7Y8YcW2NihsgmVo/mv3lAwl/skON4iLHjSsI+c5H38=
github.com/davecgh/go-spew v1.1.1/go.mod h1:J7Y8YcW2NihsgmVo/mv3lAwl/skON4iLHjSsI+c5H38=
github.com/go-spring/spring-base v1.1.0-beta.0.20211001035852-bfba805daa15/go.mod h1:vSrkrey1gExfuMWvtyCKpzEoBk6lN4s80pLnuqgcMgk=
github.com/go-spring/spring-base v1.1.0-beta.0.20211022112150-e40ad3918ba8 h1:B3Ms8YoxsinYEb812fLZVg95zM4fRD6xIlOw058Wd4k=
github.com/go-spring/spring-base v1.1.0-beta.0.20211022112150-e40ad3918ba8/go.mod h1:Q1i/XTln+r8GT03ct7dG0OAIGiP2eahNZbWPxD/VpWE=
github.com/go-spring/spring-core v1.0.6-0.20211001040940-f4fed6e6c943/go.mod h1:k/ytAsg+FQhNwINurqRIb+FBUECe38sHufvHzLm/O1A=
github.com/go-spring/spring-core v1.0.6-0.20211022120211-35959f89bd20 h1:+FayFQKOVNmnvhu0lmQct8wJ+opBTa8xSdRJ//oiSRY=
github.com/go-spring/spring-core v1.0.6-0.20211022120211-35959f89bd20/go.mod h1:eL4J/uDGXji6eFxXFYEhSAejgv2UPBSQe1MqP/4r4zo=
github.com/go-spring/spring-redigo v0.0.0-20211022120230-874e92eebbb9 h1:6E/73oemJ1saOpt92HkUyhxjzokuYWrP38T2qohDaF8=
github.com/go-spring/spring-redigo v0.0.0-20211022120230-874e92eebbb9/go.mod h1:hwkW5H9EBQrB9KuOtZrQBlAImLc0ggfZMxD3M53TWn8=
github.com/go-spring/starter-core v1.1.0-beta h1:Hb129XS5CdJSWhBG9Ef3a/9vRIJ/zF6qLx2Vve67ODM=
github.com/go-spring/starter-core v1.1.0-beta/go.mod h1:f8r68vQJ/rQe7EtvRrhkElG5LlTuT7RcOmJs73IAL50=
github.com/gomodule/redigo v1.8.5 h1:nRAxCa+SVsyjSBrtZmG/cqb6VbTmuRzpg/PoTFlpumc=
github.com/gomodule/redigo v1.8.5/go.mod h1:P9dn9mFrCBvWhGE1wpxx6fgq7BAeLBk+UUUzlpkBYO0=
github.com/magiconair/properties v1.8.5 h1:b6kJs+EmPFMYGkow9GiUyCyOvIwYetYJ3fSaWak/Gls=
github.com/magiconair/properties v1.8.5/go.mod h1:y3VJvCyxH9uVvJTWEGAELF3aiYNyPKd5NZ3oSwXrF60=
github.com/pelletier/go-toml v1.9.4 h1:tjENF6MfZAg8e4ZmZTeWaWiT2vXtsoO6+iuOjFhECwM=
github.com/pelletier/go-toml v1.9.4/go.mod h1:u1nR/EPcESfeI/szUZKdtJ0xRNbUoANCkoOuaOx1Y+c=
github.com/pmezard/go-difflib v1.0.0/go.mod h1:iKH77koFhYxTK1pcRnkKkqfTogsbg7gZNVY4sRDYZ/4=
github.com/spf13/cast v1.3.1 h1:nFm6S0SMdyzrzcmThSipiEubIDy8WEXKNZ0UOgiRpng=
github.com/spf13/cast v1.3.1/go.mod h1:Qx5cxh0v+4UWYiBimWS+eyWzqEqokIECu5etghLkUJE=
github.com/stretchr/objx v0.1.0/go.mod h1:HFkY916IF+rwdDfMAkV7OtwuqBVzrE8GR6GFx+wExME=
github.com/stretchr/testify v1.2.2/go.mod h1:a8OnRcib4nhh0OaRAV+Yts87kKdq0PP7pXfy6kDkUVs=
github.com/stretchr/testify v1.5.1/go.mod h1:5W2xD1RspED5o8YsWQXVCued0rvSQ+mT+I5cxcmMvtA=
gopkg.in/check.v1 v0.0.0-20161208181325-20d25e280405/go.mod h1:Co6ibVJAznAaIkqp8huTwlJQCZ016jof/cbN4VW5Yz0=
gopkg.in/yaml.v2 v2.2.2/go.mod h1:hI93XBmqTisBFMUTm0b8Fm+jr3Dg1NNxqwp+5A1VGuI=
gopkg.in/yaml.v2 v2.4.0 h1:D8xgwECY7CYvx+Y2n4sBz93Jn9JRvxdiyyo8CTfuKaY=
gopkg.in/yaml.v2 v2.4.0/go.mod h1:RDklbk79AGWmwhnvt/jBztapEOGDOx6ZbXqjP6csGnQ=
