github.com/PuerkitoBio/goquery v1.5.1/go.mod h1:GsLWisAFVj4WgDibEWF4pvYnkVQBpKBKeU+7zCJoLcc=
github.com/andybalholm/cascadia v1.1.0/go.mod h1:GsXiBklL0woXo1j/WYWtSYYC4ouU9PqHO0sqidkEA4Y=
github.com/davecgh/go-spew v1.1.1/go.mod h1:J7Y8YcW2NihsgmVo/mv3lAwl/skON4iLHjSsI+c5H38=
github.com/denisenkom/go-mssqldb v0.0.0-20191124224453-732737034ffd/go.mod h1:xbL0rPBG9cCiLr28tMa8zpbdarY27NDyej4t/EjAShU=
github.com/erikstmartin/go-testdb v0.0.0-20160219214506-8d10e4a1bae5/go.mod h1:a2zkGnVExMxdzMo3M0Hi/3sEU+cWnZpSni0O6/Yb/P0=
github.com/go-spring/spring-core v1.1.0-alpha h1:9U7pvTV4Sqvjss4o3Le1eYiu6qYt8A9MJG5P5DEEjt0=
github.com/go-spring/spring-core v1.1.0-alpha/go.mod h1:evmTpsLrHqXqsTZTUMWFawEwfwyA9JJ0qY+ffRjwslo=
github.com/go-spring/spring-stl v1.1.0-alpha h1:o0WpXRoO6VF97sttCaK60vxbfBXJZYd+UxBH7RkQP5Q=
github.com/go-spring/spring-stl v1.1.0-alpha/go.mod h1:RFkTfNPcNYbppU8krHBfGKjnvhR2Z0nQokpl5s0Te84=
github.com/go-spring/starter-core v1.1.0-alpha h1:zZ+HN+cS/SNjMLj3rww+AgG4rKhRa80if0g+FJQ7DwM=
github.com/go-spring/starter-core v1.1.0-alpha/go.mod h1:f8r68vQJ/rQe7EtvRrhkElG5LlTuT7RcOmJs73IAL50=
github.com/go-sql-driver/mysql v1.5.0 h1:ozyZYNQW3x3HtqT1jira07DN2PArx2v7/mN66gGcHOs=
github.com/go-sql-driver/mysql v1.5.0/go.mod h1:DCzpHaOWr8IXmIStZouvnhqoel9Qv2LBy8hT2VhHyBg=
github.com/golang-sql/civil v0.0.0-20190719163853-cb61b32ac6fe/go.mod h1:8vg3r2VgvsThLBIFL93Qb5yWzgyZWhEmBwUJWevAkK0=
github.com/jinzhu/gorm v1.9.15 h1:OdR1qFvtXktlxk73XFYMiYn9ywzTwytqe4QkuMRqc38=
github.com/jinzhu/gorm v1.9.15/go.mod h1:G3LB3wezTOWM2ITLzPxEXgSkOXAntiLHS7UdBefADcs=
github.com/jinzhu/inflection v1.0.0 h1:K317FqzuhWc8YvSVlFMCCUb36O/S9MCKRDI7QkRKD/E=
github.com/jinzhu/inflection v1.0.0/go.mod h1:h+uFLlag+Qp1Va5pdKtLDYj+kHp5pxUVkryuEj+Srlc=
github.com/jinzhu/now v1.0.1/go.mod h1:d3SSVoowX0Lcu0IBviAWJpolVfI5UJVZZ7cO71lE/z8=
github.com/lib/pq v1.1.1/go.mod h1:5WUZQaWbwv1U+lTReE5YruASi9Al49XbQIvNi/34Woo=
github.com/magiconair/properties v1.8.1 h1:ZC2Vc7/ZFkGmsVC9KvOjumD+G5lXy2RtTKyzRKO2BQ4=
github.com/magiconair/properties v1.8.1/go.mod h1:PppfXfuXeibc/6YijjN8zIbojt8czPbwD3XqdrwzmxQ=
github.com/mattn/go-sqlite3 v1.14.0/go.mod h1:JIl7NbARA7phWnGvh0LKTyg7S9BA+6gx71ShQilpsus=
github.com/pelletier/go-toml v1.2.0 h1:T5zMGML61Wp+FlcbWjRDT7yAxhJNAiPPLOFECq181zc=
github.com/pelletier/go-toml v1.2.0/go.mod h1:5z9KED0ma1S8pY6P1sdut58dfprrGBbd/94hg7ilaic=
github.com/pmezard/go-difflib v1.0.0/go.mod h1:iKH77koFhYxTK1pcRnkKkqfTogsbg7gZNVY4sRDYZ/4=
github.com/spf13/cast v1.3.1 h1:nFm6S0SMdyzrzcmThSipiEubIDy8WEXKNZ0UOgiRpng=
github.com/spf13/cast v1.3.1/go.mod h1:Qx5cxh0v+4UWYiBimWS+eyWzqEqokIECu5etghLkUJE=
github.com/stretchr/testify v1.2.2/go.mod h1:a8OnRcib4nhh0OaRAV+Yts87kKdq0PP7pXfy6kDkUVs=
golang.org/x/crypto v0.0.0-20190308221718-c2843e01d9a2/go.mod h1:djNgcEr1/C05ACkg1iLfiJU5Ep61QUkGW8qpdssI0+w=
golang.org/x/crypto v0.0.0-20190325154230-a5d413f7728c/go.mod h1:djNgcEr1/C05ACkg1iLfiJU5Ep61QUkGW8qpdssI0+w=
golang.org/x/crypto v0.0.0-20191205180655-e7c4368fe9dd/go.mod h1:LzIPMQfyMNhhGPhUkYOs5KpL4U8rLKemX1yGLhDgUto=
golang.org/x/net v0.0.0-20180218175443-cbe0f9307d01/go.mod h1:mL1N/T3taQHkDXs73rZJwtUhF3w3ftmwwsq0BUmARs4=
golang.org/x/net v0.0.0-20190404232315-eb5bcb51f2a3/go.mod h1:t9HGtf8HONx5eT2rtn7q6eTqICYqUVnKs3thJo3Qplg=
golang.org/x/net v0.0.0-20200202094626-16171245cfb2/go.mod h1:z5CRVTTTmAJ677TzLLGU+0bjPO0LkuOLi4/5GtJWs/s=
golang.org/x/net v0.0.0-20200324143707-d3edc9973b7e/go.mod h1:qpuaurCH72eLCgpAm/N6yyVIVM9cpaDIP3A8BGJEC5A=
golang.org/x/sys v0.0.0-20190215142949-d0b11bdaac8a/go.mod h1:STP8DvDyc/dI5b8T5hshtkjS+E42TnysNCUPdjciGhY=
golang.org/x/sys v0.0.0-20190412213103-97732733099d/go.mod h1:h1NjWce9XRLGQEsW7wpKNCjG9DtNlClVuFLEZdDNbEs=
golang.org/x/sys v0.0.0-20200323222414-85ca7c5b95cd/go.mod h1:h1NjWce9XRLGQEsW7wpKNCjG9DtNlClVuFLEZdDNbEs=
golang.org/x/text v0.3.0/go.mod h1:NqM8EUOU14njkJ3fqMW+pc6Ldnwhi/IjpwHt7yyuwOQ=
gopkg.in/check.v1 v0.0.0-20161208181325-20d25e280405/go.mod h1:Co6ibVJAznAaIkqp8huTwlJQCZ016jof/cbN4VW5Yz0=
gopkg.in/yaml.v2 v2.2.4 h1:/eiJrUcujPVeJ3xlSWaiNi3uSVmDGBK1pDHUHAnao1I=
gopkg.in/yaml.v2 v2.2.4/go.mod h1:hI93XBmqTisBFMUTm0b8Fm+jr3Dg1NNxqwp+5A1VGuI=
