github.com/alibabacloud-go/alibabacloud-gateway-pop v0.0.6 h1:eIf+iGJxdU4U9ypaUfbtOWCsZSbTb8AUHvyPrxu6mAA=
github.com/alibabacloud-go/alibabacloud-gateway-spi v0.0.5 h1:zE8vH9C7JiZLNJJQ5OwjU9mSi4T9ef9u3BURT6LCLC8=
github.com/alibabacloud-go/darabonba-array v0.1.0 h1:vR8s7b1fWAQIjEjWnuF0JiKsCvclSRTfDzZHTYqfufY=
github.com/alibabacloud-go/darabonba-encode-util v0.0.2 h1:1uJGrbsGEVqWcWxrS9MyC2NG0Ax+GpOM5gtupki31XE=
github.com/alibabacloud-go/darabonba-map v0.0.2 h1:qvPnGB4+dJbJIxOOfawxzF3hzMnIpjmafa0qOTp6udc=
github.com/alibabacloud-go/darabonba-openapi/v2 v2.0.10 h1:GEYkMApgpKEVDn6z12DcH1EGYpDYRB8JxsazM4Rywak=
github.com/alibabacloud-go/darabonba-signature-util v0.0.7 h1:UzCnKvsjPFzApvODDNEYqBHMFt1w98wC7FOo0InLyxg=
github.com/alibabacloud-go/darabonba-string v1.0.2 h1:E714wms5ibdzCqGeYJ9JCFywE5nDyvIXIIQbZVFkkqo=
github.com/alibabacloud-go/debug v1.0.1 h1:MsW9SmUtbb1Fnt3ieC6NNZi6aEwrXfDksD4QA6GSbPg=
github.com/alibabacloud-go/endpoint-util v1.1.0 h1:r/4D3VSw888XGaeNpP994zDUaxdgTSHBbVfZlzf6b5Q=
github.com/alibabacloud-go/kms-20160120/v3 v3.2.3 h1:vamGcYQFwXVqR6RWcrVTTqlIXZVsYjaA7pZbx+Xw6zw=
github.com/alibabacloud-go/openapi-util v0.1.0 h1:0z75cIULkDrdEhkLWgi9tnLe+KhAFE/r5Pb3312/eAY=
github.com/alibabacloud-go/tea v1.2.2 h1:aTsR6Rl3ANWPfqeQugPglfurloyBJY85eFy7Gc1+8oU=
github.com/alibabacloud-go/tea-utils v1.4.4 h1:lxCDvNCdTo9FaXKKq45+4vGETQUKNOW/qKTcX9Sk53o=
github.com/alibabacloud-go/tea-utils/v2 v2.0.7 h1:WDx5qW3Xa5ZgJ1c8NfqJkF6w+AU5wB8835UdhPr6Ax0=
github.com/alibabacloud-go/tea-xml v1.1.3 h1:7LYnm+JbOq2B+T/B0fHC4Ies4/FofC4zHzYtqw7dgt0=
github.com/aliyun/alibaba-cloud-sdk-go v1.61.1800 h1:ie/8RxBOfKZWcrbYSJi2Z8uX8TcOlSMwPlEJh83OeOw=
github.com/aliyun/alibabacloud-dkms-gcs-go-sdk v0.5.1 h1:nJYyoFP+aqGKgPs9JeZgS1rWQ4NndNR0Zfhh161ZltU=
github.com/aliyun/alibabacloud-dkms-transfer-go-sdk v0.1.8 h1:QeUdR7JF7iNCvO/81EhxEr3wDwxk4YBoYZOq6E0AjHI=
github.com/aliyun/aliyun-secretsmanager-client-go v1.1.5 h1:8S0mtD101RDYa0LXwdoqgN0RxdMmmJYjq8g2mk7/lQ4=
github.com/aliyun/credentials-go v1.4.3 h1:N3iHyvHRMyOwY1+0qBLSf3hb5JFiOujVSVuEpgeGttY=
github.com/beorn7/perks v1.0.1 h1:VlbKKnNfV8bJzeqoa4cOKqO6bYr3WgKZxO8Z16+hsOM=
github.com/buger/jsonparser v1.1.1 h1:2PnMjfWD7wBILjqQbt530v576A/cAbQvEW9gGIpYMUs=
github.com/cespare/xxhash/v2 v2.3.0 h1:UL815xU9SqsFlibzuggzjXhog7bL6oX9BbNZnL2UFvs=
github.com/clbanning/mxj/v2 v2.7.0 h1:WA/La7UGCanFe5NpHF0Q3DNtnCsVoxbPKuyBNHWRyME=
github.com/davecgh/go-spew v1.1.2-0.20180830191138-d8f796af33cc h1:U9qPSI2PIWSS1VwoXQT9A3Wy9MM3WgvqSxFWenqJduM=
github.com/deckarep/golang-set v1.7.1 h1:SCQV0S6gTtp6itiFrTqI+pfmJ4LN85S1YzhDf9rTHJQ=
github.com/go-logr/logr v1.4.3 h1:CjnDlHq8ikf6E492q6eKboGOC0T8CDaOvkHCIg8idEI=
github.com/go-logr/stdr v1.2.2 h1:hSWxHoqTgW2S2qGc0LTAI563KZ5YKYRhT3MFKZMbjag=
github.com/golang/mock v1.6.0 h1:ErTB+efbowRARo13NNdxyJji2egdxLGQhRaY+DUumQc=
github.com/golang/protobuf v1.5.4 h1:i7eJL8qZTpSEXOPTxNKhASYpMn+8e5Q6AdndVa1dWek=
github.com/google/go-cmp v0.7.0 h1:wk8382ETsv4JYUZwIsn6YpYiWiBsYLSJiTsyBybVuN8=
github.com/google/uuid v1.6.0 h1:NIvaJDMOsjHA8n1jAhLSgzrAzy1Hgr+hNrb57e+94F0=
github.com/jmespath/go-jmespath v0.4.0 h1:BEgLn5cpjn8UN1mAw4NjwDrS35OdebyEtFe+9YPoQUg=
github.com/jmespath/go-jmespath/internal/testify v1.5.1 h1:shLQSRRSCCPj3f2gpwzGwWFoC7ycTf1rcQZHOlsJ6N8=
github.com/json-iterator/go v1.1.12 h1:PV8peI4a0ysnczrg+LtxykD8LfKY9ML6u2jnxaEnrnM=
github.com/kr/pretty v0.3.1 h1:flRD4NNwYAUpkphVc1HcthR4KEIFJ65n8Mw5qdRn3LE=
github.com/kr/text v0.2.0 h1:5Nx0Ya0ZqY2ygV366QzturHI13Jq95ApcVaJBhpS+AY=
github.com/modern-go/concurrent v0.0.0-20180306012644-bacd9c7ef1dd h1:TRLaZ9cD/w8PVh93nsPXa1VrQ6jlwL5oN8l14QlcNfg=
github.com/modern-go/reflect2 v1.0.3-0.20250322232337-35a7c28c31ee h1:W5t00kpgFdJifH4BDsTlE89Zl93FEloxaWZfGcifgq8=
github.com/munnerz/goautoneg v0.0.0-20191010083416-a7dc8b61c822 h1:C3w9PqII01/Oq1c1nUAm88MOHcQC9l5mIlSMApZMrHA=
github.com/nacos-group/nacos-sdk-go/v2 v2.3.2 h1:9QB2nCJzT5wkTVlxNYl3XL/7+G6p2USMi2gQh/ouQQo=
github.com/orcaman/concurrent-map v0.0.0-20210501183033-44dafcb38ecc h1:Ak86L+yDSOzKFa7WM5bf5itSOo1e3Xh8bm5YCMUXIjQ=
github.com/pkg/errors v0.9.1 h1:FEBLx1zS214owpjy7qsBeixbURkuhQAwrK5UwLGTwt4=
github.com/pmezard/go-difflib v1.0.1-0.20181226105442-5d4384ee4fb2 h1:Jamvg5psRIccs7FGNTlIRMkT8wgtp5eCXdBlqhYGL6U=
github.com/prometheus/client_golang v1.23.2 h1:Je96obch5RDVy3FDMndoUsjAhG5Edi49h0RJWRi/o0o=
github.com/prometheus/client_model v0.6.2 h1:oBsgwpGs7iVziMvrGhE53c/GrLUsZdHnqNwqPLxwZyk=
github.com/prometheus/common v0.67.5 h1:pIgK94WWlQt1WLwAC5j2ynLaBRDiinoAb86HZHTUGI4=
github.com/prometheus/procfs v0.20.1 h1:XwbrGOIplXW/AU3YhIhLODXMJYyC1isLFfYCsTEycfc=
github.com/rogpeppe/go-internal v1.14.1 h1:UQB4HGPB6osV0SQTLymcB4TgvyWu6ZyliaW0tI/otEQ=
github.com/stretchr/testify v1.11.1 h1:7s2iGBzp5EwR7/aIZr8ao5+dra3wiQyKjjFuvgVKu7U=
github.com/tjfoc/gmsm v1.4.1 h1:aMe1GlZb+0bLjn+cKTPEvvn9oUEBlJitaZiiBwsbgho=
go.opentelemetry.io/auto/sdk v1.2.1 h1:jXsnJ4Lmnqd11kwkBV2LgLoFMZKizbCi5fNZ/ipaZ64=
go.opentelemetry.io/otel v1.43.0 h1:mYIM03dnh5zfN7HautFE4ieIig9amkNANT+xcVxAj9I=
go.opentelemetry.io/otel/metric v1.43.0 h1:d7638QeInOnuwOONPp4JAOGfbCEpYb+K6DVWvdxGzgM=
go.opentelemetry.io/otel/sdk v1.43.0 h1:pi5mE86i5rTeLXqoF/hhiBtUNcrAGHLKQdhg4h4V9Dg=
go.opentelemetry.io/otel/sdk/metric v1.43.0 h1:S88dyqXjJkuBNLeMcVPRFXpRw2fuwdvfCGLEo89fDkw=
go.opentelemetry.io/otel/trace v1.43.0 h1:BkNrHpup+4k4w+ZZ86CZoHHEkohws8AY+WTX09nk+3A=
go.uber.org/goleak v1.3.0 h1:2K3zAYmnTNqV73imy9J1T3WC+gmCePx2hEGkimedGto=
go.uber.org/multierr v1.11.0 h1:blXXJkSxSSfBVBlC76pxqeO+LN3aDfLQo+309xJstO0=
go.uber.org/zap v1.27.0 h1:aJMhYGrd5QSmlpLMr2MftRKl7t8J8PTZPA732ud/XR8=
go.yaml.in/yaml/v2 v2.4.4 h1:tuyd0P+2Ont/d6e2rl3be67goVK4R6deVxCUX5vyPaQ=
golang.org/x/crypto v0.54.0 h1:YLIA59K4fiNzHzjnZt2tUJQjQtUWfWbeHBqKtk3eScw=
golang.org/x/net v0.56.0 h1:Rw8j/hFzGvJUZwNBXnAtf5sVDVt+65SK2C7IxCxZt5o=
golang.org/x/sync v0.22.0 h1:SZjpbeLmrCk4xhRSZFNZW5gFUeCeFgjekvI/+gfScek=
golang.org/x/sys v0.47.0 h1:o7XGOvZQCADBQQ4Y7VNq2dRWQR7JmOUW8Kxx4ZsNgWs=
golang.org/x/text v0.40.0 h1:Ub2Z6/xjgF1WrYQz2nuITOEegKFtiIy+rieRJ5lHZKs=
golang.org/x/time v0.14.0 h1:MRx4UaLrDotUKUdCIqzPC48t1Y9hANFKIRpNx+Te8PI=
gonum.org/v1/gonum v0.17.0 h1:VbpOemQlsSMrYmn7T2OUvQ4dqxQXU+ouZFQsZOx50z4=
google.golang.org/genproto/googleapis/rpc v0.0.0-20260427160629-7cedc36a6bc4 h1:tEkOQcXgF6dH1G+MVKZrfpYvozGrzb91k6ha7jireSM=
google.golang.org/grpc v1.80.0 h1:Xr6m2WmWZLETvUNvIUmeD5OAagMw3FiKmMlTdViWsHM=
google.golang.org/protobuf v1.36.11 h1:fV6ZwhNocDyBLK0dj+fg8ektcVegBBuEolpbTQyBNVE=
gopkg.in/check.v1 v1.0.0-20201130134442-10cb98267c6c h1:Hei/4ADfdWqJk1ZMxUNpqntNwaWcugrBjAiHlqqRiVk=
gopkg.in/ini.v1 v1.67.0 h1:Dgnx+6+nfE+IfzjUEISNeydPJh9AXNNsWbGP9KzCsOA=
gopkg.in/natefinch/lumberjack.v2 v2.2.1 h1:bBRl1b0OH9s/DuPhuXpNl+VtCaJXFZ5/uEFST95x9zc=
gopkg.in/yaml.v2 v2.4.0 h1:D8xgwECY7CYvx+Y2n4sBz93Jn9JRvxdiyyo8CTfuKaY=
gopkg.in/yaml.v3 v3.0.1 h1:fxVm/GzAzEWqLHuvctI91KS9hhNmmWOoWu0XTYJS7CA=
