github.com/armon/go-metrics v0.4.1 h1:hR91U9KYmb6bLBYLQjyM+3j+rcd/UhE+G78SFnF8gJA=
github.com/davecgh/go-spew v1.1.2-0.20180830191138-d8f796af33cc h1:U9qPSI2PIWSS1VwoXQT9A3Wy9MM3WgvqSxFWenqJduM=
github.com/fatih/color v1.18.0 h1:S8gINlzdQ840/4pfAwic/ZE0djQEH3wM94VfqLTZcOM=
github.com/go-viper/mapstructure/v2 v2.4.0 h1:EBsztssimR/CONLSZZ04E8qAkxNYq4Qp9LvH92wZUgs=
github.com/google/btree v1.1.3 h1:CVpQJjYgC4VbzxeGVHfvZrv1ctoYCAI8vbl07Fcxlyg=
github.com/google/go-cmp v0.7.0 h1:wk8382ETsv4JYUZwIsn6YpYiWiBsYLSJiTsyBybVuN8=
github.com/hashicorp/consul/api v1.34.1 h1:/qKFfBJ5GEmY3sIlK1HulRJciLoT1pCGBkq2gwILXVg=
github.com/hashicorp/consul/api v1.34.1/go.mod h1:K+7fQ7o5QEyoFRyXtX3/iGSxDbg9jYWGJ5rDyrXzHU8=
github.com/hashicorp/consul/sdk v0.17.2 h1:sC0jgNhJkZX3wo1DCrkG12r+1JlZQpWvk3AoL3yZE4Q=
github.com/hashicorp/errwrap v1.1.0 h1:OxrOeh75EUXMY8TBjag2fzXGZ40LB6IKw45YeGUDY2I=
github.com/hashicorp/go-cleanhttp v0.5.2 h1:035FKYIWjmULyFRBKPs8TBQoi0x6d9G4xc9neXJWAZQ=
github.com/hashicorp/go-hclog v1.6.3 h1:Qr2kF+eVWjTiYmU7Y31tYlP1h0q/X3Nl3tPGdaB11/k=
github.com/hashicorp/go-immutable-radix v1.3.1 h1:DKHmCUm2hRBK510BaiZlwvpD40f8bJFeZnpfm2KLowc=
github.com/hashicorp/go-msgpack v0.5.5 h1:i9R9JSrqIz0QVLz3sz+i3YJdT7TTSLcfLLzJi9aZTuI=
github.com/hashicorp/go-multierror v1.1.1 h1:H5DkEtf6CXdFp0N0Em5UCwQpXMWke8IA0+lD48awMYo=
github.com/hashicorp/go-rootcerts v1.0.2 h1:jzhAVGtqPKbwpyCPELlgNWhE1znq+qwJtW5Oi2viEzc=
github.com/hashicorp/go-sockaddr v1.0.2 h1:ztczhD1jLxIRjVejw8gFomI1BQZOe2WoVOu0SyteCQc=
github.com/hashicorp/go-uuid v1.0.3 h1:2gKiV6YVmrJ1i2CKKa9obLvRieoRGviZFL26PcT/Co8=
github.com/hashicorp/go-version v1.6.0 h1:feTTfFNnjP967rlCxM/I9g701jU+RN74YKx2mOkIeek=
github.com/hashicorp/golang-lru v0.5.4 h1:YDjusn29QI/Das2iO9M0BHnIbxPeyuCHsjMW+lJfyTc=
github.com/hashicorp/memberlist v0.5.0 h1:EtYPN8DpAURiapus508I4n9CzHs2W+8NZGbmmR/prTM=
github.com/hashicorp/serf v0.10.1 h1:Z1H2J60yRKvfDYAOZLd2MU0ND4AH/WDz7xYHDWQsIPY=
github.com/mattn/go-colorable v0.1.14 h1:9A9LHSqF/7dyVVX6g0U9cwm9pG3kP9gSzcuIPHPsaIE=
github.com/mattn/go-isatty v0.0.22 h1:j8l17JJ9i6VGPUFUYoTUKPSgKe/83EYU2zBC7YNKMw4=
github.com/miekg/dns v1.1.43 h1:JKfpVSCB84vrAmHzyrsxB5NAr5kLoMXZArPSw7Qlgyg=
github.com/mitchellh/go-homedir v1.1.0 h1:lukF9ziXFxDFPkA1vsr5zpc1XuPDn/wFntq5mG+4E0Y=
github.com/pascaldekloe/goe v0.1.0 h1:cBOtyMzM9HTpWjXfbbunk26uA6nG3a8n06Wieeh0MwY=
github.com/pkg/errors v0.9.1 h1:FEBLx1zS214owpjy7qsBeixbURkuhQAwrK5UwLGTwt4=
github.com/pmezard/go-difflib v1.0.1-0.20181226105442-5d4384ee4fb2 h1:Jamvg5psRIccs7FGNTlIRMkT8wgtp5eCXdBlqhYGL6U=
github.com/sean-/seed v0.0.0-20170313163322-e2103e2c3529 h1:nn5Wsu0esKSJiIVhscUtVbo7ada43DJhG55ua/hjS5I=
github.com/stretchr/objx v0.5.2 h1:xuMeJ0Sdp5ZMRXx/aWO6RZxdr3beISkG5/G/aIRr3pY=
github.com/stretchr/testify v1.11.1 h1:7s2iGBzp5EwR7/aIZr8ao5+dra3wiQyKjjFuvgVKu7U=
golang.org/x/exp v0.0.0-20260410095643-746e56fc9e2f h1:W3F4c+6OLc6H2lb//N1q4WpJkhzJCK5J6kUi1NTVXfM=
golang.org/x/net v0.54.0 h1:2zJIZAxAHV/OHCDTCOHAYehQzLfSXuf/5SoL/Dv6w/w=
golang.org/x/sys v0.44.0 h1:ildZl3J4uzeKP07r2F++Op7E9B29JRUy+a27EibtBTQ=
gopkg.in/yaml.v3 v3.0.1 h1:fxVm/GzAzEWqLHuvctI91KS9hhNmmWOoWu0XTYJS7CA=
