cel.dev/expr v0.15.0 h1:O1jzfJCQBfL5BFoYktaxwIhuttaQPsVWerH9/EEKx0w=
cel.dev/expr v0.15.0/go.mod h1:TRSuuV7DlVCE/uwv5QbAiW/v8l5O8C4eEPHeu7gf7Sg=
github.com/antlr4-go/antlr/v4 v4.13.1 h1:SqQKkuVZ+zWkMMNkjy5FZe5mr5WURWnlpmOuzYWrPrQ=
github.com/antlr4-go/antlr/v4 v4.13.1/go.mod h1:GKmUxMtwp6ZgGwZSva4eWPC5mS6vUAmOABFgjdkM7Nw=
github.com/bytedance/mockey v1.4.6 h1:pPkAFB6yiaaybvgp7DP1Rj4Ztiew3nsaMizoNkzsvNA=
github.com/bytedance/mockey v1.4.6/go.mod h1:1BPHF9sol5R1ud/+0VEHGQq/+i2lN+GTsr3O2Q9IENY=
github.com/census-instrumentation/opencensus-proto v0.4.1 h1:iKLQ0xPNFxR/2hzXZMrBo8f1j86j5WHzznCCQxV/b8g=
github.com/census-instrumentation/opencensus-proto v0.4.1/go.mod h1:4T9NM4+4Vw91VeyqjLS6ao50K5bOcLKN6Q42XnYaRYw=
github.com/cncf/xds/go v0.0.0-20240423153145-555b57ec207b h1:ga8SEFjZ60pxLcmhnThWgvH2wg8376yUJmPhEH4H3kw=
github.com/cncf/xds/go v0.0.0-20240423153145-555b57ec207b/go.mod h1:W+zGtBO5Y1IgJhy4+A9GOqVhqLpfZi+vwmdNXUehLA8=
github.com/coreos/go-semver v0.3.0 h1:wkHLiw0WNATZnSG7epLsujiMCgPAc9xhjJ4tgnAxmfM=
github.com/coreos/go-semver v0.3.0/go.mod h1:nnelYz7RCh+5ahJtPPxZlU+153eP4D4r3EedlOD2RNk=
github.com/coreos/go-systemd/v22 v22.3.2 h1:D9/bQk5vlXQFZ6Kwuu6zaiXJ9oTPe68++AzAJc1DzSI=
github.com/coreos/go-systemd/v22 v22.3.2/go.mod h1:Y58oyj3AT4RCenI/lSvhwexgC+NSVTIJ3seZv2GcEnc=
github.com/davecgh/go-spew v1.1.0/go.mod h1:J7Y8YcW2NihsgmVo/mv3lAwl/skON4iLHjSsI+c5H38=
github.com/davecgh/go-spew v1.1.1 h1:vj9j/u1bqnvCEfJOwUhtlOARqs3+rkHYY13jYWTU97c=
github.com/davecgh/go-spew v1.1.1/go.mod h1:J7Y8YcW2NihsgmVo/mv3lAwl/skON4iLHjSsI+c5H38=
github.com/envoyproxy/go-control-plane v0.12.0 h1:4X+VP1GHd1Mhj6IB5mMeGbLCleqxjletLK6K0rbxyZI=
github.com/envoyproxy/go-control-plane v0.12.0/go.mod h1:ZBTaoJ23lqITozF0M6G4/IragXCQKCnYbmlmtHvwRG0=
github.com/envoyproxy/protoc-gen-validate v1.0.4 h1:gVPz/FMfvh57HdSJQyvBtF00j8JU4zdyUgIUNhlgg0A=
github.com/envoyproxy/protoc-gen-validate v1.0.4/go.mod h1:qys6tmnRsYrQqIhm2bvKZH4Blx/1gTIZ2UKVY1M+Yew=
github.com/expr-lang/expr v1.17.8 h1:W1loDTT+0PQf5YteHSTpju2qfUfNoBt4yw9+wOEU9VM=
github.com/expr-lang/expr v1.17.8/go.mod h1:8/vRC7+7HBzESEqt5kKpYXxrxkr31SaO8r40VO/1IT4=
github.com/frankban/quicktest v1.14.6 h1:7Xjx+VpznH+oBnejlPUj8oUpdxnVs4f8XU8WnHkI4W8=
github.com/frankban/quicktest v1.14.6/go.mod h1:4ptaffx2x8+WTWXmUCuVU6aPUX1/Mz7zb5vbUoiM6w0=
github.com/go-kratos/aegis v0.2.0 h1:dObzCDWn3XVjUkgxyBp6ZeWtx/do0DPZ7LY3yNSJLUQ=
github.com/go-kratos/aegis v0.2.0/go.mod h1:v0R2m73WgEEYB3XYu6aE2WcMwsZkJ/Rzuf5eVccm7bI=
github.com/go-kratos/kratos/contrib/registry/etcd/v2 v2.0.0-20260404020628-f149714c1d54 h1:GbynXxtbWXbfu3qVUhqdoFStidEd0hvSQhWJ/0hgT/w=
github.com/go-kratos/kratos/contrib/registry/etcd/v2 v2.0.0-20260404020628-f149714c1d54/go.mod h1:Z2OLqrPFkfF6IKBcGVp5gPqvffkI29Q+TSDD733rv98=
github.com/go-kratos/kratos/v2 v2.9.2 h1:px8GJQBeLpquDKQWQ9zohEWiLA8n4D/pv7aH3asvUvo=
github.com/go-kratos/kratos/v2 v2.9.2/go.mod h1:Jc7jaeYd4RAPjetun2C+oFAOO7HNMHTT/Z4LxpuEDJM=
github.com/go-playground/assert/v2 v2.0.1 h1:MsBgLAaY856+nPRTKrp3/OZK38U/wa0CcBYNjji3q3A=
github.com/go-playground/assert/v2 v2.0.1/go.mod h1:VDjEfimB/XKnb+ZQfWdccd7VUvScMdVu0Titje2rxJ4=
github.com/go-playground/form/v4 v4.2.0 h1:N1wh+Goz61e6w66vo8vJkQt+uwZSoLz50kZPJWR8eic=
github.com/go-playground/form/v4 v4.2.0/go.mod h1:q1a2BY+AQUUzhl6xA/6hBetay6dEIhMHjgvJiGo6K7U=
github.com/godbus/dbus/v5 v5.0.4/go.mod h1:xhWf0FNVPg57R7Z0UbKHbJfkEywrmjJnf7w5xrFpKfA=
github.com/gogo/protobuf v1.3.2 h1:Ov1cvc58UF3b5XjBnZv7+opcTcQFZebYjWzi34vdm4Q=
github.com/gogo/protobuf v1.3.2/go.mod h1:P1XiOD3dCwIKUDQYPy72D8LYyHL2YPYrpS2s69NZV8Q=
github.com/golang/protobuf v1.5.4 h1:i7eJL8qZTpSEXOPTxNKhASYpMn+8e5Q6AdndVa1dWek=
github.com/golang/protobuf v1.5.4/go.mod h1:lnTiLA8Wa4RWRcIUkrtSVa5nRhsEGBg48fD6rSs7xps=
github.com/google/go-cmp v0.7.0 h1:wk8382ETsv4JYUZwIsn6YpYiWiBsYLSJiTsyBybVuN8=
github.com/google/go-cmp v0.7.0/go.mod h1:pXiqmnSA92OHEEa9HXL2W4E7lf9JzCmGVUdgjX3N/iU=
github.com/google/uuid v1.6.0 h1:NIvaJDMOsjHA8n1jAhLSgzrAzy1Hgr+hNrb57e+94F0=
github.com/google/uuid v1.6.0/go.mod h1:TIyPZe4MgqvfeYDBFedMoGGpEw/LqOeaOT+nhxU+yHo=
github.com/gopherjs/gopherjs v1.20.2 h1:mzF/NBZH47L63jqg19OQgXv32FYRvFZVWom8PiQ2HbU=
github.com/gopherjs/gopherjs v1.20.2/go.mod h1:h+FTmmLgbXMmmtuZFp9bUqXciN429Wx0sJEJuMnpyfM=
github.com/gorilla/mux v1.8.1 h1:TuBL49tXwgrFYWhqrNgrUNEY92u81SPhu7sTdzQEiWY=
github.com/gorilla/mux v1.8.1/go.mod h1:AKf9I4AEqPTmMytcMc0KkNouC66V3BtZ4qD5fmWSiMQ=
github.com/jtolds/gls v4.20.0+incompatible h1:xdiiI2gbIgH/gLH7ADydsJ1uDOEzR8yvV7C0MuV77Wo=
github.com/jtolds/gls v4.20.0+incompatible/go.mod h1:QJZ7F/aHp+rZTRtaJ1ow/lLfFfVYBRgL+9YlvaHOwJU=
github.com/kisielk/errcheck v1.5.0/go.mod h1:pFxgyoBC7bSaBwPgfKdkLd5X25qrDl4LWUI2bnpBCr8=
github.com/kisielk/gotool v1.0.0/go.mod h1:XhKaO+MFFWcvkIS/tQcRk01m1F5IRFswLeQ+oQHNcck=
github.com/kr/pretty v0.3.1 h1:flRD4NNwYAUpkphVc1HcthR4KEIFJ65n8Mw5qdRn3LE=
github.com/kr/pretty v0.3.1/go.mod h1:hoEshYVHaxMs3cyo3Yncou5ZscifuDolrwPKZanG3xk=
github.com/kr/text v0.2.0 h1:5Nx0Ya0ZqY2ygV366QzturHI13Jq95ApcVaJBhpS+AY=
github.com/kr/text v0.2.0/go.mod h1:eLer722TekiGuMkidMxC/pM04lWEeraHUUmBw8l2grE=
github.com/magiconair/properties v1.8.10 h1:s31yESBquKXCV9a/ScB3ESkOjUYYv+X0rg8SYxI99mE=
github.com/magiconair/properties v1.8.10/go.mod h1:Dhd985XPs7jluiymwWYZ0G4Z61jb3vdS329zhj2hYo0=
github.com/pelletier/go-toml v1.9.5 h1:4yBQzkHv+7BHq2PQUZF3Mx0IYxG7LsP222s7Agd3ve8=
github.com/pelletier/go-toml v1.9.5/go.mod h1:u1nR/EPcESfeI/szUZKdtJ0xRNbUoANCkoOuaOx1Y+c=
github.com/pkg/errors v0.8.1 h1:iURUrRGxPUNPdy5/HRSm+Yj6okJ6UtLINN0Q9M4+h3I=
github.com/pkg/errors v0.8.1/go.mod h1:bwawxfHBFNV+L2hUp1rHADufV3IMtnDRdf1r5NINEl0=
github.com/pmezard/go-difflib v1.0.0 h1:4DBwDE0NGyQoBHbLQYPwSUPoCMWR5BEzIk/f1lZbAQM=
github.com/pmezard/go-difflib v1.0.0/go.mod h1:iKH77koFhYxTK1pcRnkKkqfTogsbg7gZNVY4sRDYZ/4=
github.com/rogpeppe/go-internal v1.11.0 h1:cWPaGQEPrBb5/AsnsZesgZZ9yb1OQ+GOISoDNXVBh4M=
github.com/rogpeppe/go-internal v1.11.0/go.mod h1:ddIwULY96R17DhadqLgMfk9H9tvdUzkipdSkR5nkCZA=
github.com/smarty/assertions v1.16.0 h1:EvHNkdRA4QHMrn75NZSoUQ/mAUXAYWfatfB01yTCzfY=
github.com/smarty/assertions v1.16.0/go.mod h1:duaaFdCS0K9dnoM50iyek/eYINOZ64gbh1Xlf6LG7AI=
github.com/smartystreets/goconvey v1.8.1 h1:qGjIddxOk4grTu9JPOU31tVfq3cNdBlNa5sSznIX1xY=
github.com/smartystreets/goconvey v1.8.1/go.mod h1:+/u4qLyY6x1jReYOp7GOM2FSt8aP9CzCZL03bI28W60=
github.com/spf13/cast v1.10.0 h1:h2x0u2shc1QuLHfxi+cTJvs30+ZAHOGRic8uyGTDWxY=
github.com/spf13/cast v1.10.0/go.mod h1:jNfB8QC9IA6ZuY2ZjDp0KtFO2LZZlg4S/7bzP6qqeHo=
github.com/stretchr/objx v0.1.0/go.mod h1:HFkY916IF+rwdDfMAkV7OtwuqBVzrE8GR6GFx+wExME=
github.com/stretchr/testify v1.3.0/go.mod h1:M5WIy9Dh21IEIfnGCwXGc5bZfKNJtfHm1UVUgZn+9EI=
github.com/stretchr/testify v1.7.0/go.mod h1:6Fq8oRcR53rry900zMqJjRRixrwX3KX962/h/Wwjteg=
github.com/stretchr/testify v1.8.4 h1:CcVxjf3Q8PM0mHUKJCdn+eZZtm5yQwehR5yeSVQQcUk=
github.com/stretchr/testify v1.8.4/go.mod h1:sz/lmYIOXD/1dqDmKjjqLyZ2RngseejIcXlSw2iwfAo=
github.com/yuin/goldmark v1.1.27/go.mod h1:3hX8gzYuyVAZsxl0MRgGTJEmQBFcNTphYh9decYSb74=
github.com/yuin/goldmark v1.2.1/go.mod h1:3hX8gzYuyVAZsxl0MRgGTJEmQBFcNTphYh9decYSb74=
go-spring.org/gs-mock v0.0.9 h1:7az0R0CB45prtQk6D/A02bPk5KRJbs2TbuRIIDTaKl0=
go-spring.org/gs-mock v0.0.9/go.mod h1:MbSPtz4mYkUtnnqfejCZ3MM41CkDIc9cZaDtg71Dnw8=
go-spring.org/log v0.1.4 h1:LJR2Z7qyI6XbtZ8RwRu9vtImNVUdDAR6+4FAjBJXrTE=
go-spring.org/log v0.1.4/go.mod h1:8QgzdNTJlGiuj3cfOHGSq77KBHBQumUBH0a+ec/iYoM=
go-spring.org/spring v1.3.4 h1:Zmt+5JjU0c7PtQdaCnz1I5vq+fYr8prZX+jYxoWVJcU=
go-spring.org/spring v1.3.4/go.mod h1:LDFrmpOUK7h6Ew54Tv7mY3/8PPRTjRiLsVF9figCkE8=
go-spring.org/stdlib v0.1.7 h1:sxB0/vXY2yyWx84THcBNfaiknBmsYqYh+UGT4xH3sAA=
go-spring.org/stdlib v0.1.7/go.mod h1:jDIah6YCXdE0QcKsR2GK6sCSYm2ybSa5dX08KF/OGoc=
go.etcd.io/etcd/api/v3 v3.5.11 h1:B54KwXbWDHyD3XYAwprxNzTe7vlhR69LuBgZnMVvS7E=
go.etcd.io/etcd/api/v3 v3.5.11/go.mod h1:Ot+o0SWSyT6uHhA56al1oCED0JImsRiU9Dc26+C2a+4=
go.etcd.io/etcd/client/pkg/v3 v3.5.11 h1:bT2xVspdiCj2910T0V+/KHcVKjkUrCZVtk8J2JF2z1A=
go.etcd.io/etcd/client/pkg/v3 v3.5.11/go.mod h1:seTzl2d9APP8R5Y2hFL3NVlD6qC/dOT+3kvrqPyTas4=
go.etcd.io/etcd/client/v3 v3.5.11 h1:ajWtgoNSZJ1gmS8k+icvPtqsqEav+iUorF7b0qozgUU=
go.etcd.io/etcd/client/v3 v3.5.11/go.mod h1:a6xQUEqFJ8vztO1agJh/KQKOMfFI8og52ZconzcDJwE=
go.uber.org/atomic v1.7.0 h1:ADUqmZGgLDDfbSL9ZmPxKTybcoEYHgpYfELNoN+7hsw=
go.uber.org/atomic v1.7.0/go.mod h1:fEN4uk6kAWBTFdckzkM89CLk9XfWZrxpCo0nPH17wJc=
go.uber.org/multierr v1.6.0 h1:y6IPFStTAIT5Ytl7/XYmHvzXQ7S3g/IeZW9hyZ5thw4=
go.uber.org/multierr v1.6.0/go.mod h1:cdWPpRnG4AhwMwsgIHip0KRBQjJy5kYEpYjJxpXp9iU=
go.uber.org/zap v1.17.0 h1:MTjgFu6ZLKvY6Pvaqk97GlxNBuMpV4Hy/3P6tRGlI2U=
go.uber.org/zap v1.17.0/go.mod h1:MXVU+bhUf/A7Xi2HNOnopQOrmycQ5Ih87HtOu4q5SSo=
golang.org/x/arch v0.26.0 h1:jZ6dpec5haP/fUv1kLCbuJy6dnRrfX6iVK08lZBFpk4=
golang.org/x/arch v0.26.0/go.mod h1:0X+GdSIP+kL5wPmpK7sdkEVTt2XoYP0cSjQSbZBwOi8=
golang.org/x/crypto v0.0.0-20190308221718-c2843e01d9a2/go.mod h1:djNgcEr1/C05ACkg1iLfiJU5Ep61QUkGW8qpdssI0+w=
golang.org/x/crypto v0.0.0-20191011191535-87dc89f01550/go.mod h1:yigFU9vqHzYiE8UmvKecakEJjdnWj3jj499lnFckfCI=
golang.org/x/crypto v0.0.0-20200622213623-75b288015ac9/go.mod h1:LzIPMQfyMNhhGPhUkYOs5KpL4U8rLKemX1yGLhDgUto=
golang.org/x/exp v0.0.0-20260410095643-746e56fc9e2f h1:W3F4c+6OLc6H2lb//N1q4WpJkhzJCK5J6kUi1NTVXfM=
golang.org/x/exp v0.0.0-20260410095643-746e56fc9e2f/go.mod h1:J1xhfL/vlindoeF/aINzNzt2Bket5bjo9sdOYzOsU80=
golang.org/x/mod v0.2.0/go.mod h1:s0Qsj1ACt9ePp/hMypM3fl4fZqREWJwdYDEqhRiZZUA=
golang.org/x/mod v0.3.0/go.mod h1:s0Qsj1ACt9ePp/hMypM3fl4fZqREWJwdYDEqhRiZZUA=
golang.org/x/net v0.0.0-20190404232315-eb5bcb51f2a3/go.mod h1:t9HGtf8HONx5eT2rtn7q6eTqICYqUVnKs3thJo3Qplg=
golang.org/x/net v0.0.0-20190620200207-3b0461eec859/go.mod h1:z5CRVTTTmAJ677TzLLGU+0bjPO0LkuOLi4/5GtJWs/s=
golang.org/x/net v0.0.0-20200226121028-0de0cce0169b/go.mod h1:z5CRVTTTmAJ677TzLLGU+0bjPO0LkuOLi4/5GtJWs/s=
golang.org/x/net v0.0.0-20201021035429-f5854403a974/go.mod h1:sp8m0HH+o8qH0wwXwYZr8TS3Oi6o0r6Gce1SSxlDquU=
golang.org/x/net v0.33.0 h1:74SYHlV8BIgHIFC/LrYkOGIwL19eTYXQ5wc6TBuO36I=
golang.org/x/net v0.33.0/go.mod h1:HXLR5J+9DxmrqMwG9qjGCxZ+zKXxBru04zlTvWlWuN4=
golang.org/x/sync v0.0.0-20190423024810-112230192c58/go.mod h1:RxMgew5VJxzue5/jJTE5uejpjVlOe/izrB70Jof72aM=
golang.org/x/sync v0.0.0-20190911185100-cd5d95a43a6e/go.mod h1:RxMgew5VJxzue5/jJTE5uejpjVlOe/izrB70Jof72aM=
golang.org/x/sync v0.0.0-20201020160332-67f06af15bc9/go.mod h1:RxMgew5VJxzue5/jJTE5uejpjVlOe/izrB70Jof72aM=
golang.org/x/sync v0.20.0 h1:e0PTpb7pjO8GAtTs2dQ6jYa5BWYlMuX047Dco/pItO4=
golang.org/x/sync v0.20.0/go.mod h1:9xrNwdLfx4jkKbNva9FpL6vEN7evnE43NNNJQ2LF3+0=
golang.org/x/sys v0.0.0-20190215142949-d0b11bdaac8a/go.mod h1:STP8DvDyc/dI5b8T5hshtkjS+E42TnysNCUPdjciGhY=
golang.org/x/sys v0.0.0-20190412213103-97732733099d/go.mod h1:h1NjWce9XRLGQEsW7wpKNCjG9DtNlClVuFLEZdDNbEs=
golang.org/x/sys v0.0.0-20200930185726-fdedc70b468f/go.mod h1:h1NjWce9XRLGQEsW7wpKNCjG9DtNlClVuFLEZdDNbEs=
golang.org/x/sys v0.43.0 h1:Rlag2XtaFTxp19wS8MXlJwTvoh8ArU6ezoyFsMyCTNI=
golang.org/x/sys v0.43.0/go.mod h1:4GL1E5IUh+htKOUEOaiffhrAeqysfVGipDYzABqnCmw=
golang.org/x/text v0.3.0/go.mod h1:NqM8EUOU14njkJ3fqMW+pc6Ldnwhi/IjpwHt7yyuwOQ=
golang.org/x/text v0.3.3/go.mod h1:5Zoc/QRtKVWzQhOtBMvqHzDpF6irO9z98xDceosuGiQ=
golang.org/x/text v0.21.0 h1:zyQAAkrwaneQ066sspRyJaG9VNi/YJ1NfzcGB3hZ/qo=
golang.org/x/text v0.21.0/go.mod h1:4IBbMaMmOPCJ8SecivzSH54+73PCFmPWxNTLm+vZkEQ=
golang.org/x/tools v0.0.0-20180917221912-90fa682c2a6e/go.mod h1:n7NCudcB/nEzxVGmLbDWY5pfWTLqBcC2KZ6jyYvM4mQ=
golang.org/x/tools v0.0.0-20191119224855-298f0cb1881e/go.mod h1:b+2E5dAYhXwXZwtnZ6UAqBI28+e2cm9otk0dWdXHAEo=
golang.org/x/tools v0.0.0-20200619180055-7c47624df98f/go.mod h1:EkVYQZoAsY45+roYkvgYkIh4xh/qjgUK9TdY2XT94GE=
golang.org/x/tools v0.0.0-20210106214847-113979e3529a/go.mod h1:emZCQorbCU4vsT4fOWvOPXz4eW1wZW4PmDk9uLelYpA=
golang.org/x/xerrors v0.0.0-20190717185122-a985d3407aa7/go.mod h1:I/5z698sn9Ka8TeJc9MKroUUfqBBauWjQqLJ2OPfmY0=
golang.org/x/xerrors v0.0.0-20191011141410-1b5146add898/go.mod h1:I/5z698sn9Ka8TeJc9MKroUUfqBBauWjQqLJ2OPfmY0=
golang.org/x/xerrors v0.0.0-20191204190536-9bdfabe68543/go.mod h1:I/5z698sn9Ka8TeJc9MKroUUfqBBauWjQqLJ2OPfmY0=
golang.org/x/xerrors v0.0.0-20200804184101-5ec99f83aff1/go.mod h1:I/5z698sn9Ka8TeJc9MKroUUfqBBauWjQqLJ2OPfmY0=
google.golang.org/genproto/googleapis/api v0.0.0-20240528184218-531527333157 h1:7whR9kGa5LUwFtpLm2ArCEejtnxlGeLbAyjFY8sGNFw=
google.golang.org/genproto/googleapis/api v0.0.0-20240528184218-531527333157/go.mod h1:99sLkeliLXfdj2J75X3Ho+rrVCaJze0uwN7zDDkjPVU=
google.golang.org/genproto/googleapis/rpc v0.0.0-20240528184218-531527333157 h1:Zy9XzmMEflZ/MAaA7vNcoebnRAld7FsPW1EeBB7V0m8=
google.golang.org/genproto/googleapis/rpc v0.0.0-20240528184218-531527333157/go.mod h1:EfXuqaE1J41VCDicxHzUDm+8rk+7ZdXzHV0IhO/I6s0=
google.golang.org/grpc v1.65.0 h1:bs/cUb4lp1G5iImFFd3u5ixQzweKizoZJAwBNLR42lc=
google.golang.org/grpc v1.65.0/go.mod h1:WgYC2ypjlB0EiQi6wdKixMqukr6lBc0Vo+oOgjrM5ZQ=
google.golang.org/protobuf v1.34.1 h1:9ddQBjfCyZPOHPUiPxpYESBLc+T8P3E+Vo4IbKZgFWg=
google.golang.org/protobuf v1.34.1/go.mod h1:c6P6GXX6sHbq/GpV6MGZEdwhWPcYBgnhAHhKbcUYpos=
gopkg.in/check.v1 v0.0.0-20161208181325-20d25e280405/go.mod h1:Co6ibVJAznAaIkqp8huTwlJQCZ016jof/cbN4VW5Yz0=
gopkg.in/check.v1 v1.0.0-20201130134442-10cb98267c6c h1:Hei/4ADfdWqJk1ZMxUNpqntNwaWcugrBjAiHlqqRiVk=
gopkg.in/check.v1 v1.0.0-20201130134442-10cb98267c6c/go.mod h1:JHkPIbrfpd72SG/EVd6muEfDQjcINNoR0C8j2r3qZ4Q=
gopkg.in/yaml.v2 v2.2.8/go.mod h1:hI93XBmqTisBFMUTm0b8Fm+jr3Dg1NNxqwp+5A1VGuI=
gopkg.in/yaml.v2 v2.4.0 h1:D8xgwECY7CYvx+Y2n4sBz93Jn9JRvxdiyyo8CTfuKaY=
gopkg.in/yaml.v2 v2.4.0/go.mod h1:RDklbk79AGWmwhnvt/jBztapEOGDOx6ZbXqjP6csGnQ=
gopkg.in/yaml.v3 v3.0.0-20200313102051-9f266ea9e77c/go.mod h1:K4uyk7z7BCEPqu6E+C64Yfv1cQ7kz7rIZviUmN+EgEM=
gopkg.in/yaml.v3 v3.0.0-20210107192922-496545a6307b/go.mod h1:K4uyk7z7BCEPqu6E+C64Yfv1cQ7kz7rIZviUmN+EgEM=
gopkg.in/yaml.v3 v3.0.1 h1:fxVm/GzAzEWqLHuvctI91KS9hhNmmWOoWu0XTYJS7CA=
gopkg.in/yaml.v3 v3.0.1/go.mod h1:K4uyk7z7BCEPqu6E+C64Yfv1cQ7kz7rIZviUmN+EgEM=
