go-spring.org/log v0.1.4/go.mod h1:8QgzdNTJlGiuj3cfOHGSq77KBHBQumUBH0a+ec/iYoM=
go-spring.org/spring v1.3.4/go.mod h1:LDFrmpOUK7h6Ew54Tv7mY3/8PPRTjRiLsVF9figCkE8=
go-spring.org/stdlib v0.1.7/go.mod h1:jDIah6YCXdE0QcKsR2GK6sCSYm2ybSa5dX08KF/OGoc=
golang.org/x/oauth2 v0.24.0 h1:KTBBxWqUa0ykRPLtV69rRto9TLXcqYkeswu48x/gvNE=
golang.org/x/oauth2 v0.24.0/go.mod h1:XYTD2NtWslqkgxebSiOHnXEap4TF09sJSc7H1sXbhtI=
