github.com/davecgh/go-spew v1.1.0/go.mod h1:J7Y8YcW2NihsgmVo/mv3lAwl/skON4iLHjSsI+c5H38=
github.com/davecgh/go-spew v1.1.1/go.mod h1:J7Y8YcW2NihsgmVo/mv3lAwl/skON4iLHjSsI+c5H38=
github.com/go-spring/spring-core v1.0.6-0.20210725091854-c92ef2937b10 h1:3wVokv0UL8xf5f99gDK5CXW7+AkBhMPzasfK10d5mIM=
github.com/go-spring/spring-core v1.0.6-0.20210725091854-c92ef2937b10/go.mod h1:dlmlLZon5quLckxW7TkmY+OYuVUMB9ot28fxTL/3fYA=
github.com/go-spring/spring-echo v1.0.6-0.20210725113450-fbe41d0e09d0 h1:sjWEWjyPu85MseqluY6kV5Tzo/kG5Bly/n11u0yOcDU=
github.com/go-spring/spring-echo v1.0.6-0.20210725113450-fbe41d0e09d0/go.mod h1:xTcZzM9vSZcywIrpNouNXTrWufioMKgvA3prRd/DY6k=
github.com/go-spring/spring-stl v0.0.0-20210724145437-4e7cb5d3e0ce h1:F7wJMEoqdFfr/1uk1Vxl5MTQHozxZn8fDxaVHZZoHGM=
github.com/go-spring/spring-stl v0.0.0-20210724145437-4e7cb5d3e0ce/go.mod h1:J6ueKvxmXzWJ+PSVaoE9SqWNSpSUuHPrR2/X/MdfSU0=
github.com/go-spring/spring-stl v0.0.0-20210724153121-8378c2594815 h1:9ez++onyyU2hyVoNOKwHoynIcvTxlvkF74LrDfyliLo=
github.com/go-spring/spring-stl v0.0.0-20210724153121-8378c2594815/go.mod h1:RFkTfNPcNYbppU8krHBfGKjnvhR2Z0nQokpl5s0Te84=
github.com/go-spring/starter-core v0.0.0-20210719133634-d661de98b7a9 h1:leSC43dySaQN/u2mcVSPdcFRe74xutRLt/nm50MGEQE=
github.com/go-spring/starter-core v0.0.0-20210719133634-d661de98b7a9/go.mod h1:+LqWXkvuH96lX47uhz+NK6J7MY6bXtIELy/dkYjno80=
github.com/go-spring/starter-web v1.0.6-0.20210725120433-93d719663caf h1:m13TE0mzNbe4AGf97ANBqGhDJYsImHYDcps1/PbNAp4=
github.com/go-spring/starter-web v1.0.6-0.20210725120433-93d719663caf/go.mod h1:VUb9sqffXGjd5Rbli59J4/5vc7ftDG0R0LdzHcfpFZ0=
github.com/labstack/echo v3.3.10+incompatible h1:pGRcYk231ExFAyoAjAfD85kQzRJCRI8bbnE7CX5OEgg=
github.com/labstack/echo v3.3.10+incompatible/go.mod h1:0INS7j/VjnFxD4E2wkz67b8cVwCLbBmJyDaka6Cmk1s=
github.com/labstack/gommon v0.3.0 h1:JEeO0bvc78PKdyHxloTKiF8BD5iGrH8T6MSeGvSgob0=
github.com/labstack/gommon v0.3.0/go.mod h1:MULnywXg0yavhxWKc+lOruYdAhDwPK9wf0OL7NoOu+k=
github.com/magiconair/properties v1.8.1 h1:ZC2Vc7/ZFkGmsVC9KvOjumD+G5lXy2RtTKyzRKO2BQ4=
github.com/magiconair/properties v1.8.1/go.mod h1:PppfXfuXeibc/6YijjN8zIbojt8czPbwD3XqdrwzmxQ=
github.com/mattn/go-colorable v0.1.2 h1:/bC9yWikZXAL9uJdulbSfyVNIR3n3trXl+v8+1sx8mU=
github.com/mattn/go-colorable v0.1.2/go.mod h1:U0ppj6V5qS13XJ6of8GYAs25YV2eR4EVcfRqFIhoBtE=
github.com/mattn/go-isatty v0.0.8/go.mod h1:Iq45c/XA43vh69/j3iqttzPXn0bhXyGjM0Hdxcsrc5s=
github.com/mattn/go-isatty v0.0.9 h1:d5US/mDsogSGW37IV293h//ZFaeajb69h+EHFsv2xGg=
github.com/mattn/go-isatty v0.0.9/go.mod h1:YNRxwqDuOph6SZLI9vUUz6OYw3QyUt7WiY2yME+cCiQ=
github.com/pelletier/go-toml v1.2.0 h1:T5zMGML61Wp+FlcbWjRDT7yAxhJNAiPPLOFECq181zc=
github.com/pelletier/go-toml v1.2.0/go.mod h1:5z9KED0ma1S8pY6P1sdut58dfprrGBbd/94hg7ilaic=
github.com/pmezard/go-difflib v1.0.0/go.mod h1:iKH77koFhYxTK1pcRnkKkqfTogsbg7gZNVY4sRDYZ/4=
github.com/spf13/cast v1.3.1 h1:nFm6S0SMdyzrzcmThSipiEubIDy8WEXKNZ0UOgiRpng=
github.com/spf13/cast v1.3.1/go.mod h1:Qx5cxh0v+4UWYiBimWS+eyWzqEqokIECu5etghLkUJE=
github.com/stretchr/objx v0.1.0/go.mod h1:HFkY916IF+rwdDfMAkV7OtwuqBVzrE8GR6GFx+wExME=
github.com/stretchr/testify v1.2.2/go.mod h1:a8OnRcib4nhh0OaRAV+Yts87kKdq0PP7pXfy6kDkUVs=
github.com/stretchr/testify v1.4.0/go.mod h1:j7eGeouHqKxXV5pUuKE4zz7dFj8WfuZ+81PSLYec5m4=
github.com/valyala/bytebufferpool v1.0.0 h1:GqA5TC/0021Y/b9FG4Oi9Mr3q7XYx6KllzawFIhcdPw=
github.com/valyala/bytebufferpool v1.0.0/go.mod h1:6bBcMArwyJ5K/AmCkWv1jt77kVWyCJ6HpOuEn7z0Csc=
github.com/valyala/fasttemplate v1.0.1 h1:tY9CJiPnMXf1ERmG2EyK7gNUd+c6RKGD0IfU8WdUSz8=
github.com/valyala/fasttemplate v1.0.1/go.mod h1:UQGH1tvbgY+Nz5t2n7tXsz52dQxojPUpymEIMZ47gx8=
golang.org/x/crypto v0.0.0-20210616213533-5ff15b29337e h1:gsTQYXdTw2Gq7RBsWvlQ91b+aEQ6bXFUngBGuR8sPpI=
golang.org/x/crypto v0.0.0-20210616213533-5ff15b29337e/go.mod h1:GvvjBRRGRdwPK5ydBHafDWAxML/pGHZbMvKqRZ5+Abc=
golang.org/x/net v0.0.0-20210226172049-e18ecbb05110 h1:qWPm9rbaAMKs8Bq/9LRpbMqxWRVUAQwMI9fVrssnTfw=
golang.org/x/net v0.0.0-20210226172049-e18ecbb05110/go.mod h1:m0MpNAwzfU5UDzcl9v0D8zg8gWTRqZa9RBIspLL5mdg=
golang.org/x/sys v0.0.0-20190222072716-a9d3bda3a223/go.mod h1:STP8DvDyc/dI5b8T5hshtkjS+E42TnysNCUPdjciGhY=
golang.org/x/sys v0.0.0-20190813064441-fde4db37ae7a/go.mod h1:h1NjWce9XRLGQEsW7wpKNCjG9DtNlClVuFLEZdDNbEs=
golang.org/x/sys v0.0.0-20201119102817-f84b799fce68/go.mod h1:h1NjWce9XRLGQEsW7wpKNCjG9DtNlClVuFLEZdDNbEs=
golang.org/x/sys v0.0.0-20210615035016-665e8c7367d1 h1:SrN+KX8Art/Sf4HNj6Zcz06G7VEz+7w9tdXTPOZ7+l4=
golang.org/x/sys v0.0.0-20210615035016-665e8c7367d1/go.mod h1:oPkhp1MJrh7nUepCBck5+mAzfO9JrbApNNgaTdGDITg=
golang.org/x/term v0.0.0-20201126162022-7de9c90e9dd1/go.mod h1:bj7SfCRtBDWHUb9snDiAeCFNEtKQo2Wmx5Cou7ajbmo=
golang.org/x/text v0.3.3 h1:cokOdA+Jmi5PJGXLlLllQSgYigAEfHXJAERHVMaCc2k=
golang.org/x/text v0.3.3/go.mod h1:5Zoc/QRtKVWzQhOtBMvqHzDpF6irO9z98xDceosuGiQ=
golang.org/x/tools v0.0.0-20180917221912-90fa682c2a6e/go.mod h1:n7NCudcB/nEzxVGmLbDWY5pfWTLqBcC2KZ6jyYvM4mQ=
gopkg.in/check.v1 v0.0.0-20161208181325-20d25e280405/go.mod h1:Co6ibVJAznAaIkqp8huTwlJQCZ016jof/cbN4VW5Yz0=
gopkg.in/yaml.v2 v2.2.2/go.mod h1:hI93XBmqTisBFMUTm0b8Fm+jr3Dg1NNxqwp+5A1VGuI=
gopkg.in/yaml.v2 v2.2.4 h1:/eiJrUcujPVeJ3xlSWaiNi3uSVmDGBK1pDHUHAnao1I=
gopkg.in/yaml.v2 v2.2.4/go.mod h1:hI93XBmqTisBFMUTm0b8Fm+jr3Dg1NNxqwp+5A1VGuI=
